
Microsoft Visual Studio Solution File, Format Version 12.00
# Visual Studio Version 17
VisualStudioVersion = 17.5.33516.290
MinimumVisualStudioVersion = 10.0.40219.1
Project("{FAE04EC0-301F-11D3-BF4B-00C04F79EFBC}") = "MvcAPP", "MvcAPP\MvcAPP.csproj", "{3AA0DC48-1997-42D4-ADE1-807488898EB0}"
EndProject
Global
	GlobalSection(SolutionConfigurationPlatforms) = preSolution
		Debug|Any CPU = Debug|Any CPU
		Release|Any CPU = Release|Any CPU
	EndGlobalSection
	GlobalSection(ProjectConfigurationPlatforms) = postSolution
		{3AA0DC48-1997-42D4-ADE1-807488898EB0}.Debug|Any CPU.ActiveCfg = Debug|Any CPU
		{3AA0DC48-1997-42D4-ADE1-807488898EB0}.Debug|Any CPU.Build.0 = Debug|Any CPU
		{3AA0DC48-1997-42D4-ADE1-807488898EB0}.Release|Any CPU.ActiveCfg = Release|Any CPU
		{3AA0DC48-1997-42D4-ADE1-807488898EB0}.Release|Any CPU.Build.0 = Release|Any CPU
	EndGlobalSection
	GlobalSection(SolutionProperties) = preSolution
		HideSolutionNode = FALSE
	EndGlobalSection
	GlobalSection(ExtensibilityGlobals) = postSolution
		SolutionGuid = {CE0BEC87-A46D-4F0B-B4C6-8D9CB2C2809D}
	EndGlobalSection
EndGlobal
